
Microsoft Visual Studio Solution File, Format Version 12.00
# Visual Studio Version 17
VisualStudioVersion = 17.9.34607.119
MinimumVisualStudioVersion = 10.0.40219.1
Project("{FAE04EC0-301F-11D3-BF4B-00C04F79EFBC}") = "BuildWeekMattia", "BuildWeekMattia.csproj", "{8901B015-ECF6-4CE1-822C-0D8EC4226672}"
EndProject
Global
	GlobalSection(SolutionConfigurationPlatforms) = preSolution
		Debug|Any CPU = Debug|Any CPU
		Release|Any CPU = Release|Any CPU
	EndGlobalSection
	GlobalSection(ProjectConfigurationPlatforms) = postSolution
		{8901B015-ECF6-4CE1-822C-0D8EC4226672}.Debug|Any CPU.ActiveCfg = Debug|Any CPU
		{8901B015-ECF6-4CE1-822C-0D8EC4226672}.Debug|Any CPU.Build.0 = Debug|Any CPU
		{8901B015-ECF6-4CE1-822C-0D8EC4226672}.Release|Any CPU.ActiveCfg = Release|Any CPU
		{8901B015-ECF6-4CE1-822C-0D8EC4226672}.Release|Any CPU.Build.0 = Release|Any CPU
	EndGlobalSection
	GlobalSection(SolutionProperties) = preSolution
		HideSolutionNode = FALSE
	EndGlobalSection
	GlobalSection(ExtensibilityGlobals) = postSolution
		SolutionGuid = {97085296-7567-4542-96A8-9412CB0F8B65}
	EndGlobalSection
EndGlobal
